
Microsoft Visual Studio Solution File, Format Version 12.00
# Visual Studio 14
VisualStudioVersion = 14.0.24720.0
MinimumVisualStudioVersion = 10.0.40219.1
Project("{FAE04EC0-301F-11D3-BF4B-00C04F79EFBC}") = "tennis-kata", "tennis-kata\tennis-kata.csproj", "{8E8E8690-2060-47B0-B829-8C8E08C68F10}"
EndProject
Project("{FAE04EC0-301F-11D3-BF4B-00C04F79EFBC}") = "tennis-kata.tests", "tennis-kata.tests\tennis-kata.tests.csproj", "{612C0817-5799-4240-BAF0-DF66F5174A97}"
EndProject
Project("{FAE04EC0-301F-11D3-BF4B-00C04F79EFBC}") = "tennis-kata.core", "tennis-kata.core\tennis-kata.core.csproj", "{35AA5137-2D08-4600-8898-F8414262F8B9}"
EndProject
Global
	GlobalSection(SolutionConfigurationPlatforms) = preSolution
		Debug|Any CPU = Debug|Any CPU
		Release|Any CPU = Release|Any CPU
	EndGlobalSection
	GlobalSection(ProjectConfigurationPlatforms) = postSolution
		{8E8E8690-2060-47B0-B829-8C8E08C68F10}.Debug|Any CPU.ActiveCfg = Debug|Any CPU
		{8E8E8690-2060-47B0-B829-8C8E08C68F10}.Debug|Any CPU.Build.0 = Debug|Any CPU
		{8E8E8690-2060-47B0-B829-8C8E08C68F10}.Release|Any CPU.ActiveCfg = Release|Any CPU
		{8E8E8690-2060-47B0-B829-8C8E08C68F10}.Release|Any CPU.Build.0 = Release|Any CPU
		{612C0817-5799-4240-BAF0-DF66F5174A97}.Debug|Any CPU.ActiveCfg = Debug|Any CPU
		{612C0817-5799-4240-BAF0-DF66F5174A97}.Debug|Any CPU.Build.0 = Debug|Any CPU
		{612C0817-5799-4240-BAF0-DF66F5174A97}.Release|Any CPU.ActiveCfg = Release|Any CPU
		{612C0817-5799-4240-BAF0-DF66F5174A97}.Release|Any CPU.Build.0 = Release|Any CPU
		{35AA5137-2D08-4600-8898-F8414262F8B9}.Debug|Any CPU.ActiveCfg = Debug|Any CPU
		{35AA5137-2D08-4600-8898-F8414262F8B9}.Debug|Any CPU.Build.0 = Debug|Any CPU
		{35AA5137-2D08-4600-8898-F8414262F8B9}.Release|Any CPU.ActiveCfg = Release|Any CPU
		{35AA5137-2D08-4600-8898-F8414262F8B9}.Release|Any CPU.Build.0 = Release|Any CPU
	EndGlobalSection
	GlobalSection(SolutionProperties) = preSolution
		HideSolutionNode = FALSE
	EndGlobalSection
EndGlobal
